
Microsoft Visual Studio Solution File, Format Version 12.00
# Visual Studio Version 17
VisualStudioVersion = 17.6.33815.320
MinimumVisualStudioVersion = 10.0.40219.1
Project("{FAE04EC0-301F-11D3-BF4B-00C04F79EFBC}") = "Shaoz.Blazor.App.Web", "Shaoz.Blazor.App.Web\Shaoz.Blazor.App.Web.csproj", "{773D7971-5396-41D0-AC1C-FBC2C852747E}"
EndProject
Global
	GlobalSection(SolutionConfigurationPlatforms) = preSolution
		Debug|Any CPU = Debug|Any CPU
		Release|Any CPU = Release|Any CPU
	EndGlobalSection
	GlobalSection(ProjectConfigurationPlatforms) = postSolution
		{773D7971-5396-41D0-AC1C-FBC2C852747E}.Debug|Any CPU.ActiveCfg = Debug|Any CPU
		{773D7971-5396-41D0-AC1C-FBC2C852747E}.Debug|Any CPU.Build.0 = Debug|Any CPU
		{773D7971-5396-41D0-AC1C-FBC2C852747E}.Release|Any CPU.ActiveCfg = Release|Any CPU
		{773D7971-5396-41D0-AC1C-FBC2C852747E}.Release|Any CPU.Build.0 = Release|Any CPU
	EndGlobalSection
	GlobalSection(SolutionProperties) = preSolution
		HideSolutionNode = FALSE
	EndGlobalSection
	GlobalSection(ExtensibilityGlobals) = postSolution
		SolutionGuid = {5C4E2991-AFC2-4FAF-96D0-7051A7D12DA7}
	EndGlobalSection
EndGlobal
